
Microsoft Visual Studio Solution File, Format Version 12.00
# Visual Studio Version 16
VisualStudioVersion = 16.0.29424.173
MinimumVisualStudioVersion = 10.0.40219.1
Project("{FAE04EC0-301F-11D3-BF4B-00C04F79EFBC}") = "CloudBackup", "CloudBackuper\CloudBackup.csproj", "{BF79C5FD-D185-46C9-9AD3-638E44EA6D47}"
EndProject
Project("{FAE04EC0-301F-11D3-BF4B-00C04F79EFBC}") = "Tests", "Tests\Tests.csproj", "{D92F7B4B-C0FC-4918-8E07-42A73D865F3E}"
EndProject
Project("{FAE04EC0-301F-11D3-BF4B-00C04F79EFBC}") = "TestFrontend", "TestFrontend\TestFrontend.csproj", "{F4B9E610-DC49-4EA4-9A45-9B12BBAD3A53}"
EndProject
Project("{FAE04EC0-301F-11D3-BF4B-00C04F79EFBC}") = "ServiceRunner", "ServiceRunner\ServiceRunner.csproj", "{C81DEB2A-374E-43CB-A5D6-898FF67689E2}"
EndProject
Project("{FAE04EC0-301F-11D3-BF4B-00C04F79EFBC}") = "WinClient", "WinClient\WinClient.csproj", "{ACC6ECA2-1D14-4200-A8CD-0CC6253A8EEC}"
EndProject
Global
	GlobalSection(SolutionConfigurationPlatforms) = preSolution
		Debug|Any CPU = Debug|Any CPU
		Release|Any CPU = Release|Any CPU
	EndGlobalSection
	GlobalSection(ProjectConfigurationPlatforms) = postSolution
		{BF79C5FD-D185-46C9-9AD3-638E44EA6D47}.Debug|Any CPU.ActiveCfg = Debug|Any CPU
		{BF79C5FD-D185-46C9-9AD3-638E44EA6D47}.Debug|Any CPU.Build.0 = Debug|Any CPU
		{BF79C5FD-D185-46C9-9AD3-638E44EA6D47}.Release|Any CPU.ActiveCfg = Release|Any CPU
		{BF79C5FD-D185-46C9-9AD3-638E44EA6D47}.Release|Any CPU.Build.0 = Release|Any CPU
		{D92F7B4B-C0FC-4918-8E07-42A73D865F3E}.Debug|Any CPU.ActiveCfg = Debug|Any CPU
		{D92F7B4B-C0FC-4918-8E07-42A73D865F3E}.Debug|Any CPU.Build.0 = Debug|Any CPU
		{D92F7B4B-C0FC-4918-8E07-42A73D865F3E}.Release|Any CPU.ActiveCfg = Release|Any CPU
		{D92F7B4B-C0FC-4918-8E07-42A73D865F3E}.Release|Any CPU.Build.0 = Release|Any CPU
		{F4B9E610-DC49-4EA4-9A45-9B12BBAD3A53}.Debug|Any CPU.ActiveCfg = Debug|Any CPU
		{F4B9E610-DC49-4EA4-9A45-9B12BBAD3A53}.Debug|Any CPU.Build.0 = Debug|Any CPU
		{F4B9E610-DC49-4EA4-9A45-9B12BBAD3A53}.Release|Any CPU.ActiveCfg = Release|Any CPU
		{F4B9E610-DC49-4EA4-9A45-9B12BBAD3A53}.Release|Any CPU.Build.0 = Release|Any CPU
		{C81DEB2A-374E-43CB-A5D6-898FF67689E2}.Debug|Any CPU.ActiveCfg = Debug|Any CPU
		{C81DEB2A-374E-43CB-A5D6-898FF67689E2}.Debug|Any CPU.Build.0 = Debug|Any CPU
		{C81DEB2A-374E-43CB-A5D6-898FF67689E2}.Release|Any CPU.ActiveCfg = Release|Any CPU
		{C81DEB2A-374E-43CB-A5D6-898FF67689E2}.Release|Any CPU.Build.0 = Release|Any CPU
		{ACC6ECA2-1D14-4200-A8CD-0CC6253A8EEC}.Debug|Any CPU.ActiveCfg = Debug|Any CPU
		{ACC6ECA2-1D14-4200-A8CD-0CC6253A8EEC}.Debug|Any CPU.Build.0 = Debug|Any CPU
		{ACC6ECA2-1D14-4200-A8CD-0CC6253A8EEC}.Release|Any CPU.ActiveCfg = Release|Any CPU
		{ACC6ECA2-1D14-4200-A8CD-0CC6253A8EEC}.Release|Any CPU.Build.0 = Release|Any CPU
	EndGlobalSection
	GlobalSection(SolutionProperties) = preSolution
		HideSolutionNode = FALSE
	EndGlobalSection
	GlobalSection(ExtensibilityGlobals) = postSolution
		SolutionGuid = {B21D4CEE-9022-4DD4-9FD3-8FD02D2712DE}
	EndGlobalSection
EndGlobal
